
Microsoft Visual Studio Solution File, Format Version 12.00
# Visual Studio Version 17
VisualStudioVersion = 17.5.33627.172
MinimumVisualStudioVersion = 10.0.40219.1
Project("{FAE04EC0-301F-11D3-BF4B-00C04F79EFBC}") = "QrCodeDocker", "QrCodeDocker\QrCodeDocker.csproj", "{0BC78D26-DBD1-4802-BEE7-796D2A980471}"
EndProject
Project("{FAE04EC0-301F-11D3-BF4B-00C04F79EFBC}") = "ImageRender", "ImageRender\ImageRender.csproj", "{4F0AAE56-5D21-40ED-AA72-69490BE8DE47}"
EndProject
Project("{FAE04EC0-301F-11D3-BF4B-00C04F79EFBC}") = "PluginLoader", "PluginLoader\PluginLoader.csproj", "{EAF9534F-74A1-4B07-A61C-0EAB13C70FB3}"
EndProject
Project("{FAE04EC0-301F-11D3-BF4B-00C04F79EFBC}") = "BatchFromTextFile", "BatchFromTextFile\BatchFromTextFile.csproj", "{41C58F43-E7C9-4576-8900-37BF052EAC1F}"
EndProject
Project("{FAE04EC0-301F-11D3-BF4B-00C04F79EFBC}") = "Repeater", "Repeater\Repeater.csproj", "{7EA7C1B5-D0B7-4AB6-9C7E-449478C97F94}"
EndProject
Project("{2150E333-8FDC-42A3-9474-1A3956D46DE8}") = "plugin", "plugin", "{9A5958DD-AC53-4A63-B19D-540AE56377EF}"
EndProject
Project("{FAE04EC0-301F-11D3-BF4B-00C04F79EFBC}") = "ZxingQrCodeConfigurator", "ZxingQrCodeConfigurator\ZxingQrCodeConfigurator.csproj", "{BD613F7A-8515-4160-879E-17D46AAAD90C}"
EndProject
Project("{FAE04EC0-301F-11D3-BF4B-00C04F79EFBC}") = "MediaSchema", "MediaSchema\MediaSchema.csproj", "{365CFEC8-1932-4762-9104-F42DEA9D2201}"
EndProject
Project("{FAE04EC0-301F-11D3-BF4B-00C04F79EFBC}") = "AutoNumberGen", "AutoNumberGen\AutoNumberGen.csproj", "{9B34EA73-2A87-40E9-BB49-6E251726019D}"
EndProject
Project("{FAE04EC0-301F-11D3-BF4B-00C04F79EFBC}") = "DataFromClipboard", "DataFromClipboard\DataFromClipboard.csproj", "{38A3FC12-256A-49DE-B6B6-9F6268EF782D}"
EndProject
Project("{FAE04EC0-301F-11D3-BF4B-00C04F79EFBC}") = "PlaceHere", "PlaceHere\PlaceHere.csproj", "{E1F2D9DB-87E7-4A80-9D52-218637C54D18}"
EndProject
Project("{FAE04EC0-301F-11D3-BF4B-00C04F79EFBC}") = "ShapeToCode", "ShapeToCode\ShapeToCode.csproj", "{D758132C-0A28-4B5D-A86A-0FE885805360}"
EndProject
Project("{FAE04EC0-301F-11D3-BF4B-00C04F79EFBC}") = "LogoDesigner", "LogoDesigner\LogoDesigner.csproj", "{A79662DB-86DD-4F11-A413-F2D426C3167C}"
EndProject
Project("{FAE04EC0-301F-11D3-BF4B-00C04F79EFBC}") = "QrTimer", "QrTimer\QrTimer.csproj", "{F486712F-5CA2-4AB1-8B08-4B9D716701B0}"
EndProject
Global
	GlobalSection(SolutionConfigurationPlatforms) = preSolution
		2017 Debug|Any CPU = 2017 Debug|Any CPU
		2017 Release|Any CPU = 2017 Release|Any CPU
		2018 Debug|Any CPU = 2018 Debug|Any CPU
		2018 Release|Any CPU = 2018 Release|Any CPU
		2019 Debug|Any CPU = 2019 Debug|Any CPU
		2019 Release|Any CPU = 2019 Release|Any CPU
		2020 Debug|Any CPU = 2020 Debug|Any CPU
		2020 Release|Any CPU = 2020 Release|Any CPU
		2021 Debug|Any CPU = 2021 Debug|Any CPU
		2021 Release|Any CPU = 2021 Release|Any CPU
		2022 Debug|Any CPU = 2022 Debug|Any CPU
		2022 Release|Any CPU = 2022 Release|Any CPU
		Debug|Any CPU = Debug|Any CPU
		Release|Any CPU = Release|Any CPU
		X7 Debug|Any CPU = X7 Debug|Any CPU
		X7 Release|Any CPU = X7 Release|Any CPU
		X8 Debug|Any CPU = X8 Debug|Any CPU
		X8 Release|Any CPU = X8 Release|Any CPU
	EndGlobalSection
	GlobalSection(ProjectConfigurationPlatforms) = postSolution
		{0BC78D26-DBD1-4802-BEE7-796D2A980471}.2017 Debug|Any CPU.ActiveCfg = 2017 Release|Any CPU
		{0BC78D26-DBD1-4802-BEE7-796D2A980471}.2017 Debug|Any CPU.Build.0 = 2017 Release|Any CPU
		{0BC78D26-DBD1-4802-BEE7-796D2A980471}.2017 Release|Any CPU.ActiveCfg = 2017 Release|Any CPU
		{0BC78D26-DBD1-4802-BEE7-796D2A980471}.2017 Release|Any CPU.Build.0 = 2017 Release|Any CPU
		{0BC78D26-DBD1-4802-BEE7-796D2A980471}.2018 Debug|Any CPU.ActiveCfg = 2018 Debug|Any CPU
		{0BC78D26-DBD1-4802-BEE7-796D2A980471}.2018 Debug|Any CPU.Build.0 = 2018 Debug|Any CPU
		{0BC78D26-DBD1-4802-BEE7-796D2A980471}.2018 Release|Any CPU.ActiveCfg = 2018 Release|Any CPU
		{0BC78D26-DBD1-4802-BEE7-796D2A980471}.2018 Release|Any CPU.Build.0 = 2018 Release|Any CPU
		{0BC78D26-DBD1-4802-BEE7-796D2A980471}.2019 Debug|Any CPU.ActiveCfg = 2019 Debug|Any CPU
		{0BC78D26-DBD1-4802-BEE7-796D2A980471}.2019 Debug|Any CPU.Build.0 = 2019 Debug|Any CPU
		{0BC78D26-DBD1-4802-BEE7-796D2A980471}.2019 Release|Any CPU.ActiveCfg = 2019 Release|Any CPU
		{0BC78D26-DBD1-4802-BEE7-796D2A980471}.2019 Release|Any CPU.Build.0 = 2019 Release|Any CPU
		{0BC78D26-DBD1-4802-BEE7-796D2A980471}.2020 Debug|Any CPU.ActiveCfg = 2020 Debug|Any CPU
		{0BC78D26-DBD1-4802-BEE7-796D2A980471}.2020 Debug|Any CPU.Build.0 = 2020 Debug|Any CPU
		{0BC78D26-DBD1-4802-BEE7-796D2A980471}.2020 Release|Any CPU.ActiveCfg = 2020 Release|Any CPU
		{0BC78D26-DBD1-4802-BEE7-796D2A980471}.2020 Release|Any CPU.Build.0 = 2020 Release|Any CPU
		{0BC78D26-DBD1-4802-BEE7-796D2A980471}.2021 Debug|Any CPU.ActiveCfg = 2021 Debug|Any CPU
		{0BC78D26-DBD1-4802-BEE7-796D2A980471}.2021 Debug|Any CPU.Build.0 = 2021 Debug|Any CPU
		{0BC78D26-DBD1-4802-BEE7-796D2A980471}.2021 Release|Any CPU.ActiveCfg = 2021 Release|Any CPU
		{0BC78D26-DBD1-4802-BEE7-796D2A980471}.2021 Release|Any CPU.Build.0 = 2021 Release|Any CPU
		{0BC78D26-DBD1-4802-BEE7-796D2A980471}.2022 Debug|Any CPU.ActiveCfg = 2022 Debug|Any CPU
		{0BC78D26-DBD1-4802-BEE7-796D2A980471}.2022 Debug|Any CPU.Build.0 = 2022 Debug|Any CPU
		{0BC78D26-DBD1-4802-BEE7-796D2A980471}.2022 Release|Any CPU.ActiveCfg = 2022 Release|Any CPU
		{0BC78D26-DBD1-4802-BEE7-796D2A980471}.2022 Release|Any CPU.Build.0 = 2022 Release|Any CPU
		{0BC78D26-DBD1-4802-BEE7-796D2A980471}.Debug|Any CPU.ActiveCfg = Debug|Any CPU
		{0BC78D26-DBD1-4802-BEE7-796D2A980471}.Debug|Any CPU.Build.0 = Debug|Any CPU
		{0BC78D26-DBD1-4802-BEE7-796D2A980471}.Release|Any CPU.ActiveCfg = Release|Any CPU
		{0BC78D26-DBD1-4802-BEE7-796D2A980471}.X7 Debug|Any CPU.ActiveCfg = X7 Debug|Any CPU
		{0BC78D26-DBD1-4802-BEE7-796D2A980471}.X7 Debug|Any CPU.Build.0 = X7 Debug|Any CPU
		{0BC78D26-DBD1-4802-BEE7-796D2A980471}.X7 Release|Any CPU.ActiveCfg = X7 Release|Any CPU
		{0BC78D26-DBD1-4802-BEE7-796D2A980471}.X7 Release|Any CPU.Build.0 = X7 Release|Any CPU
		{0BC78D26-DBD1-4802-BEE7-796D2A980471}.X8 Debug|Any CPU.ActiveCfg = X8 Debug|Any CPU
		{0BC78D26-DBD1-4802-BEE7-796D2A980471}.X8 Debug|Any CPU.Build.0 = X8 Debug|Any CPU
		{0BC78D26-DBD1-4802-BEE7-796D2A980471}.X8 Release|Any CPU.ActiveCfg = X8 Release|Any CPU
		{0BC78D26-DBD1-4802-BEE7-796D2A980471}.X8 Release|Any CPU.Build.0 = X8 Release|Any CPU
		{4F0AAE56-5D21-40ED-AA72-69490BE8DE47}.2017 Debug|Any CPU.ActiveCfg = 2017 Debug|Any CPU
		{4F0AAE56-5D21-40ED-AA72-69490BE8DE47}.2017 Debug|Any CPU.Build.0 = 2017 Debug|Any CPU
		{4F0AAE56-5D21-40ED-AA72-69490BE8DE47}.2017 Release|Any CPU.ActiveCfg = 2017 Release|Any CPU
		{4F0AAE56-5D21-40ED-AA72-69490BE8DE47}.2017 Release|Any CPU.Build.0 = 2017 Release|Any CPU
		{4F0AAE56-5D21-40ED-AA72-69490BE8DE47}.2018 Debug|Any CPU.ActiveCfg = 2018 Debug|Any CPU
		{4F0AAE56-5D21-40ED-AA72-69490BE8DE47}.2018 Debug|Any CPU.Build.0 = 2018 Debug|Any CPU
		{4F0AAE56-5D21-40ED-AA72-69490BE8DE47}.2018 Release|Any CPU.ActiveCfg = 2018 Release|Any CPU
		{4F0AAE56-5D21-40ED-AA72-69490BE8DE47}.2018 Release|Any CPU.Build.0 = 2018 Release|Any CPU
		{4F0AAE56-5D21-40ED-AA72-69490BE8DE47}.2019 Debug|Any CPU.ActiveCfg = 2019 Debug|Any CPU
		{4F0AAE56-5D21-40ED-AA72-69490BE8DE47}.2019 Debug|Any CPU.Build.0 = 2019 Debug|Any CPU
		{4F0AAE56-5D21-40ED-AA72-69490BE8DE47}.2019 Release|Any CPU.ActiveCfg = 2019 Release|Any CPU
		{4F0AAE56-5D21-40ED-AA72-69490BE8DE47}.2019 Release|Any CPU.Build.0 = 2019 Release|Any CPU
		{4F0AAE56-5D21-40ED-AA72-69490BE8DE47}.2020 Debug|Any CPU.ActiveCfg = 2020 Debug|Any CPU
		{4F0AAE56-5D21-40ED-AA72-69490BE8DE47}.2020 Debug|Any CPU.Build.0 = 2020 Debug|Any CPU
		{4F0AAE56-5D21-40ED-AA72-69490BE8DE47}.2020 Release|Any CPU.ActiveCfg = 2020 Release|Any CPU
		{4F0AAE56-5D21-40ED-AA72-69490BE8DE47}.2020 Release|Any CPU.Build.0 = 2020 Release|Any CPU
		{4F0AAE56-5D21-40ED-AA72-69490BE8DE47}.2021 Debug|Any CPU.ActiveCfg = 2021 Debug|Any CPU
		{4F0AAE56-5D21-40ED-AA72-69490BE8DE47}.2021 Debug|Any CPU.Build.0 = 2021 Debug|Any CPU
		{4F0AAE56-5D21-40ED-AA72-69490BE8DE47}.2021 Release|Any CPU.ActiveCfg = 2021 Release|Any CPU
		{4F0AAE56-5D21-40ED-AA72-69490BE8DE47}.2021 Release|Any CPU.Build.0 = 2021 Release|Any CPU
		{4F0AAE56-5D21-40ED-AA72-69490BE8DE47}.2022 Debug|Any CPU.ActiveCfg = 2022 Debug|Any CPU
		{4F0AAE56-5D21-40ED-AA72-69490BE8DE47}.2022 Debug|Any CPU.Build.0 = 2022 Debug|Any CPU
		{4F0AAE56-5D21-40ED-AA72-69490BE8DE47}.2022 Release|Any CPU.ActiveCfg = 2022 Release|Any CPU
		{4F0AAE56-5D21-40ED-AA72-69490BE8DE47}.2022 Release|Any CPU.Build.0 = 2022 Release|Any CPU
		{4F0AAE56-5D21-40ED-AA72-69490BE8DE47}.Debug|Any CPU.ActiveCfg = Debug|Any CPU
		{4F0AAE56-5D21-40ED-AA72-69490BE8DE47}.Debug|Any CPU.Build.0 = Debug|Any CPU
		{4F0AAE56-5D21-40ED-AA72-69490BE8DE47}.Release|Any CPU.ActiveCfg = X8 Release|Any CPU
		{4F0AAE56-5D21-40ED-AA72-69490BE8DE47}.Release|Any CPU.Build.0 = X8 Release|Any CPU
		{4F0AAE56-5D21-40ED-AA72-69490BE8DE47}.X7 Debug|Any CPU.ActiveCfg = X7 Debug|Any CPU
		{4F0AAE56-5D21-40ED-AA72-69490BE8DE47}.X7 Debug|Any CPU.Build.0 = X7 Debug|Any CPU
		{4F0AAE56-5D21-40ED-AA72-69490BE8DE47}.X7 Release|Any CPU.ActiveCfg = X7 Release|Any CPU
		{4F0AAE56-5D21-40ED-AA72-69490BE8DE47}.X7 Release|Any CPU.Build.0 = X7 Release|Any CPU
		{4F0AAE56-5D21-40ED-AA72-69490BE8DE47}.X8 Debug|Any CPU.ActiveCfg = X8 Debug|Any CPU
		{4F0AAE56-5D21-40ED-AA72-69490BE8DE47}.X8 Debug|Any CPU.Build.0 = X8 Debug|Any CPU
		{4F0AAE56-5D21-40ED-AA72-69490BE8DE47}.X8 Release|Any CPU.ActiveCfg = X8 Release|Any CPU
		{4F0AAE56-5D21-40ED-AA72-69490BE8DE47}.X8 Release|Any CPU.Build.0 = X8 Release|Any CPU
		{EAF9534F-74A1-4B07-A61C-0EAB13C70FB3}.2017 Debug|Any CPU.ActiveCfg = 2017 Debug|Any CPU
		{EAF9534F-74A1-4B07-A61C-0EAB13C70FB3}.2017 Debug|Any CPU.Build.0 = 2017 Debug|Any CPU
		{EAF9534F-74A1-4B07-A61C-0EAB13C70FB3}.2017 Release|Any CPU.ActiveCfg = 2017 Release|Any CPU
		{EAF9534F-74A1-4B07-A61C-0EAB13C70FB3}.2017 Release|Any CPU.Build.0 = 2017 Release|Any CPU
		{EAF9534F-74A1-4B07-A61C-0EAB13C70FB3}.2018 Debug|Any CPU.ActiveCfg = 2018 Debug|Any CPU
		{EAF9534F-74A1-4B07-A61C-0EAB13C70FB3}.2018 Debug|Any CPU.Build.0 = 2018 Debug|Any CPU
		{EAF9534F-74A1-4B07-A61C-0EAB13C70FB3}.2018 Release|Any CPU.ActiveCfg = 2018 Release|Any CPU
		{EAF9534F-74A1-4B07-A61C-0EAB13C70FB3}.2018 Release|Any CPU.Build.0 = 2018 Release|Any CPU
		{EAF9534F-74A1-4B07-A61C-0EAB13C70FB3}.2019 Debug|Any CPU.ActiveCfg = 2019 Debug|Any CPU
		{EAF9534F-74A1-4B07-A61C-0EAB13C70FB3}.2019 Debug|Any CPU.Build.0 = 2019 Debug|Any CPU
		{EAF9534F-74A1-4B07-A61C-0EAB13C70FB3}.2019 Release|Any CPU.ActiveCfg = 2019 Release|Any CPU
		{EAF9534F-74A1-4B07-A61C-0EAB13C70FB3}.2019 Release|Any CPU.Build.0 = 2019 Release|Any CPU
		{EAF9534F-74A1-4B07-A61C-0EAB13C70FB3}.2020 Debug|Any CPU.ActiveCfg = 2020 Debug|Any CPU
		{EAF9534F-74A1-4B07-A61C-0EAB13C70FB3}.2020 Debug|Any CPU.Build.0 = 2020 Debug|Any CPU
		{EAF9534F-74A1-4B07-A61C-0EAB13C70FB3}.2020 Release|Any CPU.ActiveCfg = 2020 Release|Any CPU
		{EAF9534F-74A1-4B07-A61C-0EAB13C70FB3}.2020 Release|Any CPU.Build.0 = 2020 Release|Any CPU
		{EAF9534F-74A1-4B07-A61C-0EAB13C70FB3}.2021 Debug|Any CPU.ActiveCfg = 2021 Debug|Any CPU
		{EAF9534F-74A1-4B07-A61C-0EAB13C70FB3}.2021 Debug|Any CPU.Build.0 = 2021 Debug|Any CPU
		{EAF9534F-74A1-4B07-A61C-0EAB13C70FB3}.2021 Release|Any CPU.ActiveCfg = 2021 Release|Any CPU
		{EAF9534F-74A1-4B07-A61C-0EAB13C70FB3}.2021 Release|Any CPU.Build.0 = 2021 Release|Any CPU
		{EAF9534F-74A1-4B07-A61C-0EAB13C70FB3}.2022 Debug|Any CPU.ActiveCfg = 2022 Debug|Any CPU
		{EAF9534F-74A1-4B07-A61C-0EAB13C70FB3}.2022 Debug|Any CPU.Build.0 = 2022 Debug|Any CPU
		{EAF9534F-74A1-4B07-A61C-0EAB13C70FB3}.2022 Release|Any CPU.ActiveCfg = 2022 Release|Any CPU
		{EAF9534F-74A1-4B07-A61C-0EAB13C70FB3}.2022 Release|Any CPU.Build.0 = 2022 Release|Any CPU
		{EAF9534F-74A1-4B07-A61C-0EAB13C70FB3}.Debug|Any CPU.ActiveCfg = Debug|Any CPU
		{EAF9534F-74A1-4B07-A61C-0EAB13C70FB3}.Debug|Any CPU.Build.0 = Debug|Any CPU
		{EAF9534F-74A1-4B07-A61C-0EAB13C70FB3}.Release|Any CPU.ActiveCfg = X8 Release|Any CPU
		{EAF9534F-74A1-4B07-A61C-0EAB13C70FB3}.Release|Any CPU.Build.0 = X8 Release|Any CPU
		{EAF9534F-74A1-4B07-A61C-0EAB13C70FB3}.X7 Debug|Any CPU.ActiveCfg = X7 Debug|Any CPU
		{EAF9534F-74A1-4B07-A61C-0EAB13C70FB3}.X7 Debug|Any CPU.Build.0 = X7 Debug|Any CPU
		{EAF9534F-74A1-4B07-A61C-0EAB13C70FB3}.X7 Release|Any CPU.ActiveCfg = X7 Release|Any CPU
		{EAF9534F-74A1-4B07-A61C-0EAB13C70FB3}.X7 Release|Any CPU.Build.0 = X7 Release|Any CPU
		{EAF9534F-74A1-4B07-A61C-0EAB13C70FB3}.X8 Debug|Any CPU.ActiveCfg = X8 Debug|Any CPU
		{EAF9534F-74A1-4B07-A61C-0EAB13C70FB3}.X8 Debug|Any CPU.Build.0 = X8 Debug|Any CPU
		{EAF9534F-74A1-4B07-A61C-0EAB13C70FB3}.X8 Release|Any CPU.ActiveCfg = X8 Release|Any CPU
		{EAF9534F-74A1-4B07-A61C-0EAB13C70FB3}.X8 Release|Any CPU.Build.0 = X8 Release|Any CPU
		{41C58F43-E7C9-4576-8900-37BF052EAC1F}.2017 Debug|Any CPU.ActiveCfg = 2017 Debug|Any CPU
		{41C58F43-E7C9-4576-8900-37BF052EAC1F}.2017 Debug|Any CPU.Build.0 = 2017 Debug|Any CPU
		{41C58F43-E7C9-4576-8900-37BF052EAC1F}.2017 Release|Any CPU.ActiveCfg = 2017 Release|Any CPU
		{41C58F43-E7C9-4576-8900-37BF052EAC1F}.2017 Release|Any CPU.Build.0 = 2017 Release|Any CPU
		{41C58F43-E7C9-4576-8900-37BF052EAC1F}.2018 Debug|Any CPU.ActiveCfg = 2018 Debug|Any CPU
		{41C58F43-E7C9-4576-8900-37BF052EAC1F}.2018 Debug|Any CPU.Build.0 = 2018 Debug|Any CPU
		{41C58F43-E7C9-4576-8900-37BF052EAC1F}.2018 Release|Any CPU.ActiveCfg = 2018 Release|Any CPU
		{41C58F43-E7C9-4576-8900-37BF052EAC1F}.2018 Release|Any CPU.Build.0 = 2018 Release|Any CPU
		{41C58F43-E7C9-4576-8900-37BF052EAC1F}.2019 Debug|Any CPU.ActiveCfg = 2019 Debug|Any CPU
		{41C58F43-E7C9-4576-8900-37BF052EAC1F}.2019 Debug|Any CPU.Build.0 = 2019 Debug|Any CPU
		{41C58F43-E7C9-4576-8900-37BF052EAC1F}.2019 Release|Any CPU.ActiveCfg = 2019 Release|Any CPU
		{41C58F43-E7C9-4576-8900-37BF052EAC1F}.2019 Release|Any CPU.Build.0 = 2019 Release|Any CPU
		{41C58F43-E7C9-4576-8900-37BF052EAC1F}.2020 Debug|Any CPU.ActiveCfg = 2020 Debug|Any CPU
		{41C58F43-E7C9-4576-8900-37BF052EAC1F}.2020 Debug|Any CPU.Build.0 = 2020 Debug|Any CPU
		{41C58F43-E7C9-4576-8900-37BF052EAC1F}.2020 Release|Any CPU.ActiveCfg = 2020 Release|Any CPU
		{41C58F43-E7C9-4576-8900-37BF052EAC1F}.2020 Release|Any CPU.Build.0 = 2020 Release|Any CPU
		{41C58F43-E7C9-4576-8900-37BF052EAC1F}.2021 Debug|Any CPU.ActiveCfg = 2021 Debug|Any CPU
		{41C58F43-E7C9-4576-8900-37BF052EAC1F}.2021 Debug|Any CPU.Build.0 = 2021 Debug|Any CPU
		{41C58F43-E7C9-4576-8900-37BF052EAC1F}.2021 Release|Any CPU.ActiveCfg = 2021 Release|Any CPU
		{41C58F43-E7C9-4576-8900-37BF052EAC1F}.2021 Release|Any CPU.Build.0 = 2021 Release|Any CPU
		{41C58F43-E7C9-4576-8900-37BF052EAC1F}.2022 Debug|Any CPU.ActiveCfg = 2022 Debug|Any CPU
		{41C58F43-E7C9-4576-8900-37BF052EAC1F}.2022 Debug|Any CPU.Build.0 = 2022 Debug|Any CPU
		{41C58F43-E7C9-4576-8900-37BF052EAC1F}.2022 Release|Any CPU.ActiveCfg = 2022 Release|Any CPU
		{41C58F43-E7C9-4576-8900-37BF052EAC1F}.2022 Release|Any CPU.Build.0 = 2022 Release|Any CPU
		{41C58F43-E7C9-4576-8900-37BF052EAC1F}.Debug|Any CPU.ActiveCfg = Debug|Any CPU
		{41C58F43-E7C9-4576-8900-37BF052EAC1F}.Debug|Any CPU.Build.0 = Debug|Any CPU
		{41C58F43-E7C9-4576-8900-37BF052EAC1F}.Release|Any CPU.ActiveCfg = X8 Release|Any CPU
		{41C58F43-E7C9-4576-8900-37BF052EAC1F}.Release|Any CPU.Build.0 = X8 Release|Any CPU
		{41C58F43-E7C9-4576-8900-37BF052EAC1F}.X7 Debug|Any CPU.ActiveCfg = X7 Debug|Any CPU
		{41C58F43-E7C9-4576-8900-37BF052EAC1F}.X7 Debug|Any CPU.Build.0 = X7 Debug|Any CPU
		{41C58F43-E7C9-4576-8900-37BF052EAC1F}.X7 Release|Any CPU.ActiveCfg = X7 Release|Any CPU
		{41C58F43-E7C9-4576-8900-37BF052EAC1F}.X7 Release|Any CPU.Build.0 = X7 Release|Any CPU
		{41C58F43-E7C9-4576-8900-37BF052EAC1F}.X8 Debug|Any CPU.ActiveCfg = X8 Debug|Any CPU
		{41C58F43-E7C9-4576-8900-37BF052EAC1F}.X8 Debug|Any CPU.Build.0 = X8 Debug|Any CPU
		{41C58F43-E7C9-4576-8900-37BF052EAC1F}.X8 Release|Any CPU.ActiveCfg = X8 Release|Any CPU
		{41C58F43-E7C9-4576-8900-37BF052EAC1F}.X8 Release|Any CPU.Build.0 = X8 Release|Any CPU
		{7EA7C1B5-D0B7-4AB6-9C7E-449478C97F94}.2017 Debug|Any CPU.ActiveCfg = 2017 Debug|Any CPU
		{7EA7C1B5-D0B7-4AB6-9C7E-449478C97F94}.2017 Debug|Any CPU.Build.0 = 2017 Debug|Any CPU
		{7EA7C1B5-D0B7-4AB6-9C7E-449478C97F94}.2017 Release|Any CPU.ActiveCfg = 2017 Release|Any CPU
		{7EA7C1B5-D0B7-4AB6-9C7E-449478C97F94}.2017 Release|Any CPU.Build.0 = 2017 Release|Any CPU
		{7EA7C1B5-D0B7-4AB6-9C7E-449478C97F94}.2018 Debug|Any CPU.ActiveCfg = 2018 Debug|Any CPU
		{7EA7C1B5-D0B7-4AB6-9C7E-449478C97F94}.2018 Debug|Any CPU.Build.0 = 2018 Debug|Any CPU
		{7EA7C1B5-D0B7-4AB6-9C7E-449478C97F94}.2018 Release|Any CPU.ActiveCfg = 2018 Release|Any CPU
		{7EA7C1B5-D0B7-4AB6-9C7E-449478C97F94}.2018 Release|Any CPU.Build.0 = 2018 Release|Any CPU
		{7EA7C1B5-D0B7-4AB6-9C7E-449478C97F94}.2019 Debug|Any CPU.ActiveCfg = 2019 Debug|Any CPU
		{7EA7C1B5-D0B7-4AB6-9C7E-449478C97F94}.2019 Debug|Any CPU.Build.0 = 2019 Debug|Any CPU
		{7EA7C1B5-D0B7-4AB6-9C7E-449478C97F94}.2019 Release|Any CPU.ActiveCfg = 2019 Release|Any CPU
		{7EA7C1B5-D0B7-4AB6-9C7E-449478C97F94}.2019 Release|Any CPU.Build.0 = 2019 Release|Any CPU
		{7EA7C1B5-D0B7-4AB6-9C7E-449478C97F94}.2020 Debug|Any CPU.ActiveCfg = 2020 Debug|Any CPU
		{7EA7C1B5-D0B7-4AB6-9C7E-449478C97F94}.2020 Debug|Any CPU.Build.0 = 2020 Debug|Any CPU
		{7EA7C1B5-D0B7-4AB6-9C7E-449478C97F94}.2020 Release|Any CPU.ActiveCfg = 2020 Release|Any CPU
		{7EA7C1B5-D0B7-4AB6-9C7E-449478C97F94}.2020 Release|Any CPU.Build.0 = 2020 Release|Any CPU
		{7EA7C1B5-D0B7-4AB6-9C7E-449478C97F94}.2021 Debug|Any CPU.ActiveCfg = 2021 Debug|Any CPU
		{7EA7C1B5-D0B7-4AB6-9C7E-449478C97F94}.2021 Debug|Any CPU.Build.0 = 2021 Debug|Any CPU
		{7EA7C1B5-D0B7-4AB6-9C7E-449478C97F94}.2021 Release|Any CPU.ActiveCfg = 2021 Release|Any CPU
		{7EA7C1B5-D0B7-4AB6-9C7E-449478C97F94}.2021 Release|Any CPU.Build.0 = 2021 Release|Any CPU
		{7EA7C1B5-D0B7-4AB6-9C7E-449478C97F94}.2022 Debug|Any CPU.ActiveCfg = 2022 Debug|Any CPU
		{7EA7C1B5-D0B7-4AB6-9C7E-449478C97F94}.2022 Debug|Any CPU.Build.0 = 2022 Debug|Any CPU
		{7EA7C1B5-D0B7-4AB6-9C7E-449478C97F94}.2022 Release|Any CPU.ActiveCfg = 2022 Release|Any CPU
		{7EA7C1B5-D0B7-4AB6-9C7E-449478C97F94}.2022 Release|Any CPU.Build.0 = 2022 Release|Any CPU
		{7EA7C1B5-D0B7-4AB6-9C7E-449478C97F94}.Debug|Any CPU.ActiveCfg = Debug|Any CPU
		{7EA7C1B5-D0B7-4AB6-9C7E-449478C97F94}.Debug|Any CPU.Build.0 = Debug|Any CPU
		{7EA7C1B5-D0B7-4AB6-9C7E-449478C97F94}.Release|Any CPU.ActiveCfg = X8 Release|Any CPU
		{7EA7C1B5-D0B7-4AB6-9C7E-449478C97F94}.Release|Any CPU.Build.0 = X8 Release|Any CPU
		{7EA7C1B5-D0B7-4AB6-9C7E-449478C97F94}.X7 Debug|Any CPU.ActiveCfg = X7 Debug|Any CPU
		{7EA7C1B5-D0B7-4AB6-9C7E-449478C97F94}.X7 Debug|Any CPU.Build.0 = X7 Debug|Any CPU
		{7EA7C1B5-D0B7-4AB6-9C7E-449478C97F94}.X7 Release|Any CPU.ActiveCfg = X7 Release|Any CPU
		{7EA7C1B5-D0B7-4AB6-9C7E-449478C97F94}.X7 Release|Any CPU.Build.0 = X7 Release|Any CPU
		{7EA7C1B5-D0B7-4AB6-9C7E-449478C97F94}.X8 Debug|Any CPU.ActiveCfg = X8 Debug|Any CPU
		{7EA7C1B5-D0B7-4AB6-9C7E-449478C97F94}.X8 Debug|Any CPU.Build.0 = X8 Debug|Any CPU
		{7EA7C1B5-D0B7-4AB6-9C7E-449478C97F94}.X8 Release|Any CPU.ActiveCfg = X8 Release|Any CPU
		{7EA7C1B5-D0B7-4AB6-9C7E-449478C97F94}.X8 Release|Any CPU.Build.0 = X8 Release|Any CPU
		{BD613F7A-8515-4160-879E-17D46AAAD90C}.2017 Debug|Any CPU.ActiveCfg = 2017 Debug|Any CPU
		{BD613F7A-8515-4160-879E-17D46AAAD90C}.2017 Debug|Any CPU.Build.0 = 2017 Debug|Any CPU
		{BD613F7A-8515-4160-879E-17D46AAAD90C}.2017 Release|Any CPU.ActiveCfg = 2017 Release|Any CPU
		{BD613F7A-8515-4160-879E-17D46AAAD90C}.2017 Release|Any CPU.Build.0 = 2017 Release|Any CPU
		{BD613F7A-8515-4160-879E-17D46AAAD90C}.2018 Debug|Any CPU.ActiveCfg = 2018 Debug|Any CPU
		{BD613F7A-8515-4160-879E-17D46AAAD90C}.2018 Debug|Any CPU.Build.0 = 2018 Debug|Any CPU
		{BD613F7A-8515-4160-879E-17D46AAAD90C}.2018 Release|Any CPU.ActiveCfg = 2018 Release|Any CPU
		{BD613F7A-8515-4160-879E-17D46AAAD90C}.2018 Release|Any CPU.Build.0 = 2018 Release|Any CPU
		{BD613F7A-8515-4160-879E-17D46AAAD90C}.2019 Debug|Any CPU.ActiveCfg = 2019 Debug|Any CPU
		{BD613F7A-8515-4160-879E-17D46AAAD90C}.2019 Debug|Any CPU.Build.0 = 2019 Debug|Any CPU
		{BD613F7A-8515-4160-879E-17D46AAAD90C}.2019 Release|Any CPU.ActiveCfg = 2019 Release|Any CPU
		{BD613F7A-8515-4160-879E-17D46AAAD90C}.2019 Release|Any CPU.Build.0 = 2019 Release|Any CPU
		{BD613F7A-8515-4160-879E-17D46AAAD90C}.2020 Debug|Any CPU.ActiveCfg = 2020 Debug|Any CPU
		{BD613F7A-8515-4160-879E-17D46AAAD90C}.2020 Debug|Any CPU.Build.0 = 2020 Debug|Any CPU
		{BD613F7A-8515-4160-879E-17D46AAAD90C}.2020 Release|Any CPU.ActiveCfg = 2020 Release|Any CPU
		{BD613F7A-8515-4160-879E-17D46AAAD90C}.2020 Release|Any CPU.Build.0 = 2020 Release|Any CPU
		{BD613F7A-8515-4160-879E-17D46AAAD90C}.2021 Debug|Any CPU.ActiveCfg = 2021 Debug|Any CPU
		{BD613F7A-8515-4160-879E-17D46AAAD90C}.2021 Debug|Any CPU.Build.0 = 2021 Debug|Any CPU
		{BD613F7A-8515-4160-879E-17D46AAAD90C}.2021 Release|Any CPU.ActiveCfg = 2021 Release|Any CPU
		{BD613F7A-8515-4160-879E-17D46AAAD90C}.2021 Release|Any CPU.Build.0 = 2021 Release|Any CPU
		{BD613F7A-8515-4160-879E-17D46AAAD90C}.2022 Debug|Any CPU.ActiveCfg = 2022 Debug|Any CPU
		{BD613F7A-8515-4160-879E-17D46AAAD90C}.2022 Debug|Any CPU.Build.0 = 2022 Debug|Any CPU
		{BD613F7A-8515-4160-879E-17D46AAAD90C}.2022 Release|Any CPU.ActiveCfg = 2022 Release|Any CPU
		{BD613F7A-8515-4160-879E-17D46AAAD90C}.2022 Release|Any CPU.Build.0 = 2022 Release|Any CPU
		{BD613F7A-8515-4160-879E-17D46AAAD90C}.Debug|Any CPU.ActiveCfg = Debug|Any CPU
		{BD613F7A-8515-4160-879E-17D46AAAD90C}.Debug|Any CPU.Build.0 = Debug|Any CPU
		{BD613F7A-8515-4160-879E-17D46AAAD90C}.Release|Any CPU.ActiveCfg = X8 Release|Any CPU
		{BD613F7A-8515-4160-879E-17D46AAAD90C}.Release|Any CPU.Build.0 = X8 Release|Any CPU
		{BD613F7A-8515-4160-879E-17D46AAAD90C}.X7 Debug|Any CPU.ActiveCfg = X7 Debug|Any CPU
		{BD613F7A-8515-4160-879E-17D46AAAD90C}.X7 Debug|Any CPU.Build.0 = X7 Debug|Any CPU
		{BD613F7A-8515-4160-879E-17D46AAAD90C}.X7 Release|Any CPU.ActiveCfg = X7 Release|Any CPU
		{BD613F7A-8515-4160-879E-17D46AAAD90C}.X7 Release|Any CPU.Build.0 = X7 Release|Any CPU
		{BD613F7A-8515-4160-879E-17D46AAAD90C}.X8 Debug|Any CPU.ActiveCfg = X8 Debug|Any CPU
		{BD613F7A-8515-4160-879E-17D46AAAD90C}.X8 Debug|Any CPU.Build.0 = X8 Debug|Any CPU
		{BD613F7A-8515-4160-879E-17D46AAAD90C}.X8 Release|Any CPU.ActiveCfg = X8 Release|Any CPU
		{BD613F7A-8515-4160-879E-17D46AAAD90C}.X8 Release|Any CPU.Build.0 = X8 Release|Any CPU
		{365CFEC8-1932-4762-9104-F42DEA9D2201}.2017 Debug|Any CPU.ActiveCfg = 2017 Debug|Any CPU
		{365CFEC8-1932-4762-9104-F42DEA9D2201}.2017 Debug|Any CPU.Build.0 = 2017 Debug|Any CPU
		{365CFEC8-1932-4762-9104-F42DEA9D2201}.2017 Release|Any CPU.ActiveCfg = 2017 Release|Any CPU
		{365CFEC8-1932-4762-9104-F42DEA9D2201}.2017 Release|Any CPU.Build.0 = 2017 Release|Any CPU
		{365CFEC8-1932-4762-9104-F42DEA9D2201}.2018 Debug|Any CPU.ActiveCfg = 2018 Debug|Any CPU
		{365CFEC8-1932-4762-9104-F42DEA9D2201}.2018 Debug|Any CPU.Build.0 = 2018 Debug|Any CPU
		{365CFEC8-1932-4762-9104-F42DEA9D2201}.2018 Release|Any CPU.ActiveCfg = 2018 Release|Any CPU
		{365CFEC8-1932-4762-9104-F42DEA9D2201}.2018 Release|Any CPU.Build.0 = 2018 Release|Any CPU
		{365CFEC8-1932-4762-9104-F42DEA9D2201}.2019 Debug|Any CPU.ActiveCfg = 2019 Debug|Any CPU
		{365CFEC8-1932-4762-9104-F42DEA9D2201}.2019 Debug|Any CPU.Build.0 = 2019 Debug|Any CPU
		{365CFEC8-1932-4762-9104-F42DEA9D2201}.2019 Release|Any CPU.ActiveCfg = 2019 Release|Any CPU
		{365CFEC8-1932-4762-9104-F42DEA9D2201}.2019 Release|Any CPU.Build.0 = 2019 Release|Any CPU
		{365CFEC8-1932-4762-9104-F42DEA9D2201}.2020 Debug|Any CPU.ActiveCfg = 2020 Debug|Any CPU
		{365CFEC8-1932-4762-9104-F42DEA9D2201}.2020 Debug|Any CPU.Build.0 = 2020 Debug|Any CPU
		{365CFEC8-1932-4762-9104-F42DEA9D2201}.2020 Release|Any CPU.ActiveCfg = 2020 Release|Any CPU
		{365CFEC8-1932-4762-9104-F42DEA9D2201}.2020 Release|Any CPU.Build.0 = 2020 Release|Any CPU
		{365CFEC8-1932-4762-9104-F42DEA9D2201}.2021 Debug|Any CPU.ActiveCfg = 2021 Debug|Any CPU
		{365CFEC8-1932-4762-9104-F42DEA9D2201}.2021 Debug|Any CPU.Build.0 = 2021 Debug|Any CPU
		{365CFEC8-1932-4762-9104-F42DEA9D2201}.2021 Release|Any CPU.ActiveCfg = 2021 Release|Any CPU
		{365CFEC8-1932-4762-9104-F42DEA9D2201}.2021 Release|Any CPU.Build.0 = 2021 Release|Any CPU
		{365CFEC8-1932-4762-9104-F42DEA9D2201}.2022 Debug|Any CPU.ActiveCfg = 2022 Debug|Any CPU
		{365CFEC8-1932-4762-9104-F42DEA9D2201}.2022 Debug|Any CPU.Build.0 = 2022 Debug|Any CPU
		{365CFEC8-1932-4762-9104-F42DEA9D2201}.2022 Release|Any CPU.ActiveCfg = 2022 Release|Any CPU
		{365CFEC8-1932-4762-9104-F42DEA9D2201}.2022 Release|Any CPU.Build.0 = 2022 Release|Any CPU
		{365CFEC8-1932-4762-9104-F42DEA9D2201}.Debug|Any CPU.ActiveCfg = Debug|Any CPU
		{365CFEC8-1932-4762-9104-F42DEA9D2201}.Debug|Any CPU.Build.0 = Debug|Any CPU
		{365CFEC8-1932-4762-9104-F42DEA9D2201}.Release|Any CPU.ActiveCfg = X8 Release|Any CPU
		{365CFEC8-1932-4762-9104-F42DEA9D2201}.Release|Any CPU.Build.0 = X8 Release|Any CPU
		{365CFEC8-1932-4762-9104-F42DEA9D2201}.X7 Debug|Any CPU.ActiveCfg = X7 Debug|Any CPU
		{365CFEC8-1932-4762-9104-F42DEA9D2201}.X7 Debug|Any CPU.Build.0 = X7 Debug|Any CPU
		{365CFEC8-1932-4762-9104-F42DEA9D2201}.X7 Release|Any CPU.ActiveCfg = X7 Release|Any CPU
		{365CFEC8-1932-4762-9104-F42DEA9D2201}.X7 Release|Any CPU.Build.0 = X7 Release|Any CPU
		{365CFEC8-1932-4762-9104-F42DEA9D2201}.X8 Debug|Any CPU.ActiveCfg = X8 Debug|Any CPU
		{365CFEC8-1932-4762-9104-F42DEA9D2201}.X8 Debug|Any CPU.Build.0 = X8 Debug|Any CPU
		{365CFEC8-1932-4762-9104-F42DEA9D2201}.X8 Release|Any CPU.ActiveCfg = X8 Release|Any CPU
		{365CFEC8-1932-4762-9104-F42DEA9D2201}.X8 Release|Any CPU.Build.0 = X8 Release|Any CPU
		{9B34EA73-2A87-40E9-BB49-6E251726019D}.2017 Debug|Any CPU.ActiveCfg = 2017 Debug|Any CPU
		{9B34EA73-2A87-40E9-BB49-6E251726019D}.2017 Debug|Any CPU.Build.0 = 2017 Debug|Any CPU
		{9B34EA73-2A87-40E9-BB49-6E251726019D}.2017 Release|Any CPU.ActiveCfg = 2017 Release|Any CPU
		{9B34EA73-2A87-40E9-BB49-6E251726019D}.2017 Release|Any CPU.Build.0 = 2017 Release|Any CPU
		{9B34EA73-2A87-40E9-BB49-6E251726019D}.2018 Debug|Any CPU.ActiveCfg = 2018 Debug|Any CPU
		{9B34EA73-2A87-40E9-BB49-6E251726019D}.2018 Debug|Any CPU.Build.0 = 2018 Debug|Any CPU
		{9B34EA73-2A87-40E9-BB49-6E251726019D}.2018 Release|Any CPU.ActiveCfg = 2018 Release|Any CPU
		{9B34EA73-2A87-40E9-BB49-6E251726019D}.2018 Release|Any CPU.Build.0 = 2018 Release|Any CPU
		{9B34EA73-2A87-40E9-BB49-6E251726019D}.2019 Debug|Any CPU.ActiveCfg = 2019 Debug|Any CPU
		{9B34EA73-2A87-40E9-BB49-6E251726019D}.2019 Debug|Any CPU.Build.0 = 2019 Debug|Any CPU
		{9B34EA73-2A87-40E9-BB49-6E251726019D}.2019 Release|Any CPU.ActiveCfg = 2019 Release|Any CPU
		{9B34EA73-2A87-40E9-BB49-6E251726019D}.2019 Release|Any CPU.Build.0 = 2019 Release|Any CPU
		{9B34EA73-2A87-40E9-BB49-6E251726019D}.2020 Debug|Any CPU.ActiveCfg = 2020 Debug|Any CPU
		{9B34EA73-2A87-40E9-BB49-6E251726019D}.2020 Debug|Any CPU.Build.0 = 2020 Debug|Any CPU
		{9B34EA73-2A87-40E9-BB49-6E251726019D}.2020 Release|Any CPU.ActiveCfg = 2020 Release|Any CPU
		{9B34EA73-2A87-40E9-BB49-6E251726019D}.2020 Release|Any CPU.Build.0 = 2020 Release|Any CPU
		{9B34EA73-2A87-40E9-BB49-6E251726019D}.2021 Debug|Any CPU.ActiveCfg = 2021 Debug|Any CPU
		{9B34EA73-2A87-40E9-BB49-6E251726019D}.2021 Debug|Any CPU.Build.0 = 2021 Debug|Any CPU
		{9B34EA73-2A87-40E9-BB49-6E251726019D}.2021 Release|Any CPU.ActiveCfg = 2021 Release|Any CPU
		{9B34EA73-2A87-40E9-BB49-6E251726019D}.2021 Release|Any CPU.Build.0 = 2021 Release|Any CPU
		{9B34EA73-2A87-40E9-BB49-6E251726019D}.2022 Debug|Any CPU.ActiveCfg = 2022 Debug|Any CPU
		{9B34EA73-2A87-40E9-BB49-6E251726019D}.2022 Debug|Any CPU.Build.0 = 2022 Debug|Any CPU
		{9B34EA73-2A87-40E9-BB49-6E251726019D}.2022 Release|Any CPU.ActiveCfg = 2022 Release|Any CPU
		{9B34EA73-2A87-40E9-BB49-6E251726019D}.2022 Release|Any CPU.Build.0 = 2022 Release|Any CPU
		{9B34EA73-2A87-40E9-BB49-6E251726019D}.Debug|Any CPU.ActiveCfg = Debug|Any CPU
		{9B34EA73-2A87-40E9-BB49-6E251726019D}.Debug|Any CPU.Build.0 = Debug|Any CPU
		{9B34EA73-2A87-40E9-BB49-6E251726019D}.Release|Any CPU.ActiveCfg = X8 Release|Any CPU
		{9B34EA73-2A87-40E9-BB49-6E251726019D}.Release|Any CPU.Build.0 = X8 Release|Any CPU
		{9B34EA73-2A87-40E9-BB49-6E251726019D}.X7 Debug|Any CPU.ActiveCfg = X7 Debug|Any CPU
		{9B34EA73-2A87-40E9-BB49-6E251726019D}.X7 Debug|Any CPU.Build.0 = X7 Debug|Any CPU
		{9B34EA73-2A87-40E9-BB49-6E251726019D}.X7 Release|Any CPU.ActiveCfg = X7 Release|Any CPU
		{9B34EA73-2A87-40E9-BB49-6E251726019D}.X7 Release|Any CPU.Build.0 = X7 Release|Any CPU
		{9B34EA73-2A87-40E9-BB49-6E251726019D}.X8 Debug|Any CPU.ActiveCfg = X8 Debug|Any CPU
		{9B34EA73-2A87-40E9-BB49-6E251726019D}.X8 Debug|Any CPU.Build.0 = X8 Debug|Any CPU
		{9B34EA73-2A87-40E9-BB49-6E251726019D}.X8 Release|Any CPU.ActiveCfg = X8 Release|Any CPU
		{9B34EA73-2A87-40E9-BB49-6E251726019D}.X8 Release|Any CPU.Build.0 = X8 Release|Any CPU
		{38A3FC12-256A-49DE-B6B6-9F6268EF782D}.2017 Debug|Any CPU.ActiveCfg = 2017 Debug|Any CPU
		{38A3FC12-256A-49DE-B6B6-9F6268EF782D}.2017 Debug|Any CPU.Build.0 = 2017 Debug|Any CPU
		{38A3FC12-256A-49DE-B6B6-9F6268EF782D}.2017 Release|Any CPU.ActiveCfg = 2017 Release|Any CPU
		{38A3FC12-256A-49DE-B6B6-9F6268EF782D}.2017 Release|Any CPU.Build.0 = 2017 Release|Any CPU
		{38A3FC12-256A-49DE-B6B6-9F6268EF782D}.2018 Debug|Any CPU.ActiveCfg = 2018 Debug|Any CPU
		{38A3FC12-256A-49DE-B6B6-9F6268EF782D}.2018 Debug|Any CPU.Build.0 = 2018 Debug|Any CPU
		{38A3FC12-256A-49DE-B6B6-9F6268EF782D}.2018 Release|Any CPU.ActiveCfg = 2018 Release|Any CPU
		{38A3FC12-256A-49DE-B6B6-9F6268EF782D}.2018 Release|Any CPU.Build.0 = 2018 Release|Any CPU
		{38A3FC12-256A-49DE-B6B6-9F6268EF782D}.2019 Debug|Any CPU.ActiveCfg = 2019 Debug|Any CPU
		{38A3FC12-256A-49DE-B6B6-9F6268EF782D}.2019 Debug|Any CPU.Build.0 = 2019 Debug|Any CPU
		{38A3FC12-256A-49DE-B6B6-9F6268EF782D}.2019 Release|Any CPU.ActiveCfg = 2019 Release|Any CPU
		{38A3FC12-256A-49DE-B6B6-9F6268EF782D}.2019 Release|Any CPU.Build.0 = 2019 Release|Any CPU
		{38A3FC12-256A-49DE-B6B6-9F6268EF782D}.2020 Debug|Any CPU.ActiveCfg = 2020 Debug|Any CPU
		{38A3FC12-256A-49DE-B6B6-9F6268EF782D}.2020 Debug|Any CPU.Build.0 = 2020 Debug|Any CPU
		{38A3FC12-256A-49DE-B6B6-9F6268EF782D}.2020 Release|Any CPU.ActiveCfg = 2020 Release|Any CPU
		{38A3FC12-256A-49DE-B6B6-9F6268EF782D}.2020 Release|Any CPU.Build.0 = 2020 Release|Any CPU
		{38A3FC12-256A-49DE-B6B6-9F6268EF782D}.2021 Debug|Any CPU.ActiveCfg = 2021 Debug|Any CPU
		{38A3FC12-256A-49DE-B6B6-9F6268EF782D}.2021 Debug|Any CPU.Build.0 = 2021 Debug|Any CPU
		{38A3FC12-256A-49DE-B6B6-9F6268EF782D}.2021 Release|Any CPU.ActiveCfg = 2021 Release|Any CPU
		{38A3FC12-256A-49DE-B6B6-9F6268EF782D}.2021 Release|Any CPU.Build.0 = 2021 Release|Any CPU
		{38A3FC12-256A-49DE-B6B6-9F6268EF782D}.2022 Debug|Any CPU.ActiveCfg = 2022 Debug|Any CPU
		{38A3FC12-256A-49DE-B6B6-9F6268EF782D}.2022 Debug|Any CPU.Build.0 = 2022 Debug|Any CPU
		{38A3FC12-256A-49DE-B6B6-9F6268EF782D}.2022 Release|Any CPU.ActiveCfg = 2022 Release|Any CPU
		{38A3FC12-256A-49DE-B6B6-9F6268EF782D}.2022 Release|Any CPU.Build.0 = 2022 Release|Any CPU
		{38A3FC12-256A-49DE-B6B6-9F6268EF782D}.Debug|Any CPU.ActiveCfg = Debug|Any CPU
		{38A3FC12-256A-49DE-B6B6-9F6268EF782D}.Debug|Any CPU.Build.0 = Debug|Any CPU
		{38A3FC12-256A-49DE-B6B6-9F6268EF782D}.Release|Any CPU.ActiveCfg = X7 Release|Any CPU
		{38A3FC12-256A-49DE-B6B6-9F6268EF782D}.Release|Any CPU.Build.0 = X7 Release|Any CPU
		{38A3FC12-256A-49DE-B6B6-9F6268EF782D}.X7 Debug|Any CPU.ActiveCfg = X7 Debug|Any CPU
		{38A3FC12-256A-49DE-B6B6-9F6268EF782D}.X7 Debug|Any CPU.Build.0 = X7 Debug|Any CPU
		{38A3FC12-256A-49DE-B6B6-9F6268EF782D}.X7 Release|Any CPU.ActiveCfg = X7 Release|Any CPU
		{38A3FC12-256A-49DE-B6B6-9F6268EF782D}.X7 Release|Any CPU.Build.0 = X7 Release|Any CPU
		{38A3FC12-256A-49DE-B6B6-9F6268EF782D}.X8 Debug|Any CPU.ActiveCfg = X8 Debug|Any CPU
		{38A3FC12-256A-49DE-B6B6-9F6268EF782D}.X8 Debug|Any CPU.Build.0 = X8 Debug|Any CPU
		{38A3FC12-256A-49DE-B6B6-9F6268EF782D}.X8 Release|Any CPU.ActiveCfg = X8 Release|Any CPU
		{38A3FC12-256A-49DE-B6B6-9F6268EF782D}.X8 Release|Any CPU.Build.0 = X8 Release|Any CPU
		{E1F2D9DB-87E7-4A80-9D52-218637C54D18}.2017 Debug|Any CPU.ActiveCfg = 2017 Debug|Any CPU
		{E1F2D9DB-87E7-4A80-9D52-218637C54D18}.2017 Debug|Any CPU.Build.0 = 2017 Debug|Any CPU
		{E1F2D9DB-87E7-4A80-9D52-218637C54D18}.2017 Release|Any CPU.ActiveCfg = 2017 Release|Any CPU
		{E1F2D9DB-87E7-4A80-9D52-218637C54D18}.2017 Release|Any CPU.Build.0 = 2017 Release|Any CPU
		{E1F2D9DB-87E7-4A80-9D52-218637C54D18}.2018 Debug|Any CPU.ActiveCfg = 2018 Debug|Any CPU
		{E1F2D9DB-87E7-4A80-9D52-218637C54D18}.2018 Debug|Any CPU.Build.0 = 2018 Debug|Any CPU
		{E1F2D9DB-87E7-4A80-9D52-218637C54D18}.2018 Release|Any CPU.ActiveCfg = 2018 Release|Any CPU
		{E1F2D9DB-87E7-4A80-9D52-218637C54D18}.2018 Release|Any CPU.Build.0 = 2018 Release|Any CPU
		{E1F2D9DB-87E7-4A80-9D52-218637C54D18}.2019 Debug|Any CPU.ActiveCfg = 2019 Debug|Any CPU
		{E1F2D9DB-87E7-4A80-9D52-218637C54D18}.2019 Debug|Any CPU.Build.0 = 2019 Debug|Any CPU
		{E1F2D9DB-87E7-4A80-9D52-218637C54D18}.2019 Release|Any CPU.ActiveCfg = 2019 Release|Any CPU
		{E1F2D9DB-87E7-4A80-9D52-218637C54D18}.2019 Release|Any CPU.Build.0 = 2019 Release|Any CPU
		{E1F2D9DB-87E7-4A80-9D52-218637C54D18}.2020 Debug|Any CPU.ActiveCfg = 2020 Debug|Any CPU
		{E1F2D9DB-87E7-4A80-9D52-218637C54D18}.2020 Debug|Any CPU.Build.0 = 2020 Debug|Any CPU
		{E1F2D9DB-87E7-4A80-9D52-218637C54D18}.2020 Release|Any CPU.ActiveCfg = 2020 Release|Any CPU
		{E1F2D9DB-87E7-4A80-9D52-218637C54D18}.2020 Release|Any CPU.Build.0 = 2020 Release|Any CPU
		{E1F2D9DB-87E7-4A80-9D52-218637C54D18}.2021 Debug|Any CPU.ActiveCfg = 2021 Debug|Any CPU
		{E1F2D9DB-87E7-4A80-9D52-218637C54D18}.2021 Debug|Any CPU.Build.0 = 2021 Debug|Any CPU
		{E1F2D9DB-87E7-4A80-9D52-218637C54D18}.2021 Release|Any CPU.ActiveCfg = 2021 Release|Any CPU
		{E1F2D9DB-87E7-4A80-9D52-218637C54D18}.2021 Release|Any CPU.Build.0 = 2021 Release|Any CPU
		{E1F2D9DB-87E7-4A80-9D52-218637C54D18}.2022 Debug|Any CPU.ActiveCfg = 2022 Debug|Any CPU
		{E1F2D9DB-87E7-4A80-9D52-218637C54D18}.2022 Debug|Any CPU.Build.0 = 2022 Debug|Any CPU
		{E1F2D9DB-87E7-4A80-9D52-218637C54D18}.2022 Release|Any CPU.ActiveCfg = 2022 Release|Any CPU
		{E1F2D9DB-87E7-4A80-9D52-218637C54D18}.2022 Release|Any CPU.Build.0 = 2022 Release|Any CPU
		{E1F2D9DB-87E7-4A80-9D52-218637C54D18}.Debug|Any CPU.ActiveCfg = Debug|Any CPU
		{E1F2D9DB-87E7-4A80-9D52-218637C54D18}.Debug|Any CPU.Build.0 = Debug|Any CPU
		{E1F2D9DB-87E7-4A80-9D52-218637C54D18}.Release|Any CPU.ActiveCfg = X7 Release|Any CPU
		{E1F2D9DB-87E7-4A80-9D52-218637C54D18}.Release|Any CPU.Build.0 = X7 Release|Any CPU
		{E1F2D9DB-87E7-4A80-9D52-218637C54D18}.X7 Debug|Any CPU.ActiveCfg = X7 Debug|Any CPU
		{E1F2D9DB-87E7-4A80-9D52-218637C54D18}.X7 Debug|Any CPU.Build.0 = X7 Debug|Any CPU
		{E1F2D9DB-87E7-4A80-9D52-218637C54D18}.X7 Release|Any CPU.ActiveCfg = X7 Release|Any CPU
		{E1F2D9DB-87E7-4A80-9D52-218637C54D18}.X7 Release|Any CPU.Build.0 = X7 Release|Any CPU
		{E1F2D9DB-87E7-4A80-9D52-218637C54D18}.X8 Debug|Any CPU.ActiveCfg = X8 Debug|Any CPU
		{E1F2D9DB-87E7-4A80-9D52-218637C54D18}.X8 Debug|Any CPU.Build.0 = X8 Debug|Any CPU
		{E1F2D9DB-87E7-4A80-9D52-218637C54D18}.X8 Release|Any CPU.ActiveCfg = X8 Release|Any CPU
		{E1F2D9DB-87E7-4A80-9D52-218637C54D18}.X8 Release|Any CPU.Build.0 = X8 Release|Any CPU
		{D758132C-0A28-4B5D-A86A-0FE885805360}.2017 Debug|Any CPU.ActiveCfg = 2017 Debug|Any CPU
		{D758132C-0A28-4B5D-A86A-0FE885805360}.2017 Debug|Any CPU.Build.0 = 2017 Debug|Any CPU
		{D758132C-0A28-4B5D-A86A-0FE885805360}.2017 Release|Any CPU.ActiveCfg = 2017 Release|Any CPU
		{D758132C-0A28-4B5D-A86A-0FE885805360}.2017 Release|Any CPU.Build.0 = 2017 Release|Any CPU
		{D758132C-0A28-4B5D-A86A-0FE885805360}.2018 Debug|Any CPU.ActiveCfg = 2018 Debug|Any CPU
		{D758132C-0A28-4B5D-A86A-0FE885805360}.2018 Debug|Any CPU.Build.0 = 2018 Debug|Any CPU
		{D758132C-0A28-4B5D-A86A-0FE885805360}.2018 Release|Any CPU.ActiveCfg = 2018 Release|Any CPU
		{D758132C-0A28-4B5D-A86A-0FE885805360}.2018 Release|Any CPU.Build.0 = 2018 Release|Any CPU
		{D758132C-0A28-4B5D-A86A-0FE885805360}.2019 Debug|Any CPU.ActiveCfg = 2019 Debug|Any CPU
		{D758132C-0A28-4B5D-A86A-0FE885805360}.2019 Debug|Any CPU.Build.0 = 2019 Debug|Any CPU
		{D758132C-0A28-4B5D-A86A-0FE885805360}.2019 Release|Any CPU.ActiveCfg = 2019 Release|Any CPU
		{D758132C-0A28-4B5D-A86A-0FE885805360}.2019 Release|Any CPU.Build.0 = 2019 Release|Any CPU
		{D758132C-0A28-4B5D-A86A-0FE885805360}.2020 Debug|Any CPU.ActiveCfg = 2020 Debug|Any CPU
		{D758132C-0A28-4B5D-A86A-0FE885805360}.2020 Debug|Any CPU.Build.0 = 2020 Debug|Any CPU
		{D758132C-0A28-4B5D-A86A-0FE885805360}.2020 Release|Any CPU.ActiveCfg = 2020 Release|Any CPU
		{D758132C-0A28-4B5D-A86A-0FE885805360}.2020 Release|Any CPU.Build.0 = 2020 Release|Any CPU
		{D758132C-0A28-4B5D-A86A-0FE885805360}.2021 Debug|Any CPU.ActiveCfg = 2021 Debug|Any CPU
		{D758132C-0A28-4B5D-A86A-0FE885805360}.2021 Debug|Any CPU.Build.0 = 2021 Debug|Any CPU
		{D758132C-0A28-4B5D-A86A-0FE885805360}.2021 Release|Any CPU.ActiveCfg = 2021 Release|Any CPU
		{D758132C-0A28-4B5D-A86A-0FE885805360}.2021 Release|Any CPU.Build.0 = 2021 Release|Any CPU
		{D758132C-0A28-4B5D-A86A-0FE885805360}.2022 Debug|Any CPU.ActiveCfg = 2022 Debug|Any CPU
		{D758132C-0A28-4B5D-A86A-0FE885805360}.2022 Debug|Any CPU.Build.0 = 2022 Debug|Any CPU
		{D758132C-0A28-4B5D-A86A-0FE885805360}.2022 Release|Any CPU.ActiveCfg = 2022 Release|Any CPU
		{D758132C-0A28-4B5D-A86A-0FE885805360}.2022 Release|Any CPU.Build.0 = 2022 Release|Any CPU
		{D758132C-0A28-4B5D-A86A-0FE885805360}.Debug|Any CPU.ActiveCfg = Debug|Any CPU
		{D758132C-0A28-4B5D-A86A-0FE885805360}.Debug|Any CPU.Build.0 = Debug|Any CPU
		{D758132C-0A28-4B5D-A86A-0FE885805360}.Release|Any CPU.ActiveCfg = Release|Any CPU
		{D758132C-0A28-4B5D-A86A-0FE885805360}.Release|Any CPU.Build.0 = Release|Any CPU
		{D758132C-0A28-4B5D-A86A-0FE885805360}.X7 Debug|Any CPU.ActiveCfg = X7 Debug|Any CPU
		{D758132C-0A28-4B5D-A86A-0FE885805360}.X7 Debug|Any CPU.Build.0 = X7 Debug|Any CPU
		{D758132C-0A28-4B5D-A86A-0FE885805360}.X7 Release|Any CPU.ActiveCfg = X7 Release|Any CPU
		{D758132C-0A28-4B5D-A86A-0FE885805360}.X7 Release|Any CPU.Build.0 = X7 Release|Any CPU
		{D758132C-0A28-4B5D-A86A-0FE885805360}.X8 Debug|Any CPU.ActiveCfg = X8 Debug|Any CPU
		{D758132C-0A28-4B5D-A86A-0FE885805360}.X8 Debug|Any CPU.Build.0 = X8 Debug|Any CPU
		{D758132C-0A28-4B5D-A86A-0FE885805360}.X8 Release|Any CPU.ActiveCfg = X8 Release|Any CPU
		{D758132C-0A28-4B5D-A86A-0FE885805360}.X8 Release|Any CPU.Build.0 = X8 Release|Any CPU
		{A79662DB-86DD-4F11-A413-F2D426C3167C}.2017 Debug|Any CPU.ActiveCfg = 2017 Debug|Any CPU
		{A79662DB-86DD-4F11-A413-F2D426C3167C}.2017 Debug|Any CPU.Build.0 = 2017 Debug|Any CPU
		{A79662DB-86DD-4F11-A413-F2D426C3167C}.2017 Release|Any CPU.ActiveCfg = 2017 Release|Any CPU
		{A79662DB-86DD-4F11-A413-F2D426C3167C}.2017 Release|Any CPU.Build.0 = 2017 Release|Any CPU
		{A79662DB-86DD-4F11-A413-F2D426C3167C}.2018 Debug|Any CPU.ActiveCfg = 2018 Debug|Any CPU
		{A79662DB-86DD-4F11-A413-F2D426C3167C}.2018 Debug|Any CPU.Build.0 = 2018 Debug|Any CPU
		{A79662DB-86DD-4F11-A413-F2D426C3167C}.2018 Release|Any CPU.ActiveCfg = 2018 Release|Any CPU
		{A79662DB-86DD-4F11-A413-F2D426C3167C}.2018 Release|Any CPU.Build.0 = 2018 Release|Any CPU
		{A79662DB-86DD-4F11-A413-F2D426C3167C}.2019 Debug|Any CPU.ActiveCfg = 2019 Debug|Any CPU
		{A79662DB-86DD-4F11-A413-F2D426C3167C}.2019 Debug|Any CPU.Build.0 = 2019 Debug|Any CPU
		{A79662DB-86DD-4F11-A413-F2D426C3167C}.2019 Release|Any CPU.ActiveCfg = 2019 Release|Any CPU
		{A79662DB-86DD-4F11-A413-F2D426C3167C}.2019 Release|Any CPU.Build.0 = 2019 Release|Any CPU
		{A79662DB-86DD-4F11-A413-F2D426C3167C}.2020 Debug|Any CPU.ActiveCfg = 2020 Debug|Any CPU
		{A79662DB-86DD-4F11-A413-F2D426C3167C}.2020 Debug|Any CPU.Build.0 = 2020 Debug|Any CPU
		{A79662DB-86DD-4F11-A413-F2D426C3167C}.2020 Release|Any CPU.ActiveCfg = 2020 Release|Any CPU
		{A79662DB-86DD-4F11-A413-F2D426C3167C}.2020 Release|Any CPU.Build.0 = 2020 Release|Any CPU
		{A79662DB-86DD-4F11-A413-F2D426C3167C}.2021 Debug|Any CPU.ActiveCfg = 2021 Debug|Any CPU
		{A79662DB-86DD-4F11-A413-F2D426C3167C}.2021 Debug|Any CPU.Build.0 = 2021 Debug|Any CPU
		{A79662DB-86DD-4F11-A413-F2D426C3167C}.2021 Release|Any CPU.ActiveCfg = 2021 Release|Any CPU
		{A79662DB-86DD-4F11-A413-F2D426C3167C}.2021 Release|Any CPU.Build.0 = 2021 Release|Any CPU
		{A79662DB-86DD-4F11-A413-F2D426C3167C}.2022 Debug|Any CPU.ActiveCfg = 2022 Debug|Any CPU
		{A79662DB-86DD-4F11-A413-F2D426C3167C}.2022 Debug|Any CPU.Build.0 = 2022 Debug|Any CPU
		{A79662DB-86DD-4F11-A413-F2D426C3167C}.2022 Release|Any CPU.ActiveCfg = 2022 Release|Any CPU
		{A79662DB-86DD-4F11-A413-F2D426C3167C}.2022 Release|Any CPU.Build.0 = 2022 Release|Any CPU
		{A79662DB-86DD-4F11-A413-F2D426C3167C}.Debug|Any CPU.ActiveCfg = Debug|Any CPU
		{A79662DB-86DD-4F11-A413-F2D426C3167C}.Debug|Any CPU.Build.0 = Debug|Any CPU
		{A79662DB-86DD-4F11-A413-F2D426C3167C}.Release|Any CPU.ActiveCfg = X7 Release|Any CPU
		{A79662DB-86DD-4F11-A413-F2D426C3167C}.Release|Any CPU.Build.0 = X7 Release|Any CPU
		{A79662DB-86DD-4F11-A413-F2D426C3167C}.X7 Debug|Any CPU.ActiveCfg = X7 Debug|Any CPU
		{A79662DB-86DD-4F11-A413-F2D426C3167C}.X7 Debug|Any CPU.Build.0 = X7 Debug|Any CPU
		{A79662DB-86DD-4F11-A413-F2D426C3167C}.X7 Release|Any CPU.ActiveCfg = X7 Release|Any CPU
		{A79662DB-86DD-4F11-A413-F2D426C3167C}.X7 Release|Any CPU.Build.0 = X7 Release|Any CPU
		{A79662DB-86DD-4F11-A413-F2D426C3167C}.X8 Debug|Any CPU.ActiveCfg = X8 Debug|Any CPU
		{A79662DB-86DD-4F11-A413-F2D426C3167C}.X8 Debug|Any CPU.Build.0 = X8 Debug|Any CPU
		{A79662DB-86DD-4F11-A413-F2D426C3167C}.X8 Release|Any CPU.ActiveCfg = X8 Release|Any CPU
		{A79662DB-86DD-4F11-A413-F2D426C3167C}.X8 Release|Any CPU.Build.0 = X8 Release|Any CPU
		{F486712F-5CA2-4AB1-8B08-4B9D716701B0}.2017 Debug|Any CPU.ActiveCfg = 2017 Debug|Any CPU
		{F486712F-5CA2-4AB1-8B08-4B9D716701B0}.2017 Debug|Any CPU.Build.0 = 2017 Debug|Any CPU
		{F486712F-5CA2-4AB1-8B08-4B9D716701B0}.2017 Release|Any CPU.ActiveCfg = 2017 Release|Any CPU
		{F486712F-5CA2-4AB1-8B08-4B9D716701B0}.2017 Release|Any CPU.Build.0 = 2017 Release|Any CPU
		{F486712F-5CA2-4AB1-8B08-4B9D716701B0}.2018 Debug|Any CPU.ActiveCfg = 2018 Debug|Any CPU
		{F486712F-5CA2-4AB1-8B08-4B9D716701B0}.2018 Debug|Any CPU.Build.0 = 2018 Debug|Any CPU
		{F486712F-5CA2-4AB1-8B08-4B9D716701B0}.2018 Release|Any CPU.ActiveCfg = 2018 Release|Any CPU
		{F486712F-5CA2-4AB1-8B08-4B9D716701B0}.2018 Release|Any CPU.Build.0 = 2018 Release|Any CPU
		{F486712F-5CA2-4AB1-8B08-4B9D716701B0}.2019 Debug|Any CPU.ActiveCfg = 2019 Debug|Any CPU
		{F486712F-5CA2-4AB1-8B08-4B9D716701B0}.2019 Debug|Any CPU.Build.0 = 2019 Debug|Any CPU
		{F486712F-5CA2-4AB1-8B08-4B9D716701B0}.2019 Release|Any CPU.ActiveCfg = 2019 Release|Any CPU
		{F486712F-5CA2-4AB1-8B08-4B9D716701B0}.2019 Release|Any CPU.Build.0 = 2019 Release|Any CPU
		{F486712F-5CA2-4AB1-8B08-4B9D716701B0}.2020 Debug|Any CPU.ActiveCfg = 2020 Debug|Any CPU
		{F486712F-5CA2-4AB1-8B08-4B9D716701B0}.2020 Debug|Any CPU.Build.0 = 2020 Debug|Any CPU
		{F486712F-5CA2-4AB1-8B08-4B9D716701B0}.2020 Release|Any CPU.ActiveCfg = 2020 Release|Any CPU
		{F486712F-5CA2-4AB1-8B08-4B9D716701B0}.2020 Release|Any CPU.Build.0 = 2020 Release|Any CPU
		{F486712F-5CA2-4AB1-8B08-4B9D716701B0}.2021 Debug|Any CPU.ActiveCfg = 2021 Debug|Any CPU
		{F486712F-5CA2-4AB1-8B08-4B9D716701B0}.2021 Debug|Any CPU.Build.0 = 2021 Debug|Any CPU
		{F486712F-5CA2-4AB1-8B08-4B9D716701B0}.2021 Release|Any CPU.ActiveCfg = 2021 Release|Any CPU
		{F486712F-5CA2-4AB1-8B08-4B9D716701B0}.2021 Release|Any CPU.Build.0 = 2021 Release|Any CPU
		{F486712F-5CA2-4AB1-8B08-4B9D716701B0}.2022 Debug|Any CPU.ActiveCfg = Debug|Any CPU
		{F486712F-5CA2-4AB1-8B08-4B9D716701B0}.2022 Debug|Any CPU.Build.0 = Debug|Any CPU
		{F486712F-5CA2-4AB1-8B08-4B9D716701B0}.2022 Release|Any CPU.ActiveCfg = 2022 Release|Any CPU
		{F486712F-5CA2-4AB1-8B08-4B9D716701B0}.2022 Release|Any CPU.Build.0 = 2022 Release|Any CPU
		{F486712F-5CA2-4AB1-8B08-4B9D716701B0}.Debug|Any CPU.ActiveCfg = Debug|Any CPU
		{F486712F-5CA2-4AB1-8B08-4B9D716701B0}.Debug|Any CPU.Build.0 = Debug|Any CPU
		{F486712F-5CA2-4AB1-8B08-4B9D716701B0}.Release|Any CPU.ActiveCfg = Release|Any CPU
		{F486712F-5CA2-4AB1-8B08-4B9D716701B0}.Release|Any CPU.Build.0 = Release|Any CPU
		{F486712F-5CA2-4AB1-8B08-4B9D716701B0}.X7 Debug|Any CPU.ActiveCfg = X7 Debug|Any CPU
		{F486712F-5CA2-4AB1-8B08-4B9D716701B0}.X7 Debug|Any CPU.Build.0 = X7 Debug|Any CPU
		{F486712F-5CA2-4AB1-8B08-4B9D716701B0}.X7 Release|Any CPU.ActiveCfg = Release|Any CPU
		{F486712F-5CA2-4AB1-8B08-4B9D716701B0}.X7 Release|Any CPU.Build.0 = Release|Any CPU
		{F486712F-5CA2-4AB1-8B08-4B9D716701B0}.X8 Debug|Any CPU.ActiveCfg = X8 Debug|Any CPU
		{F486712F-5CA2-4AB1-8B08-4B9D716701B0}.X8 Debug|Any CPU.Build.0 = X8 Debug|Any CPU
		{F486712F-5CA2-4AB1-8B08-4B9D716701B0}.X8 Release|Any CPU.ActiveCfg = X8 Release|Any CPU
		{F486712F-5CA2-4AB1-8B08-4B9D716701B0}.X8 Release|Any CPU.Build.0 = X8 Release|Any CPU
	EndGlobalSection
	GlobalSection(SolutionProperties) = preSolution
		HideSolutionNode = FALSE
	EndGlobalSection
	GlobalSection(NestedProjects) = preSolution
		{41C58F43-E7C9-4576-8900-37BF052EAC1F} = {9A5958DD-AC53-4A63-B19D-540AE56377EF}
		{7EA7C1B5-D0B7-4AB6-9C7E-449478C97F94} = {9A5958DD-AC53-4A63-B19D-540AE56377EF}
		{BD613F7A-8515-4160-879E-17D46AAAD90C} = {9A5958DD-AC53-4A63-B19D-540AE56377EF}
		{365CFEC8-1932-4762-9104-F42DEA9D2201} = {9A5958DD-AC53-4A63-B19D-540AE56377EF}
		{9B34EA73-2A87-40E9-BB49-6E251726019D} = {9A5958DD-AC53-4A63-B19D-540AE56377EF}
		{38A3FC12-256A-49DE-B6B6-9F6268EF782D} = {9A5958DD-AC53-4A63-B19D-540AE56377EF}
		{E1F2D9DB-87E7-4A80-9D52-218637C54D18} = {9A5958DD-AC53-4A63-B19D-540AE56377EF}
		{D758132C-0A28-4B5D-A86A-0FE885805360} = {9A5958DD-AC53-4A63-B19D-540AE56377EF}
		{A79662DB-86DD-4F11-A413-F2D426C3167C} = {9A5958DD-AC53-4A63-B19D-540AE56377EF}
		{F486712F-5CA2-4AB1-8B08-4B9D716701B0} = {9A5958DD-AC53-4A63-B19D-540AE56377EF}
	EndGlobalSection
	GlobalSection(ExtensibilityGlobals) = postSolution
		SolutionGuid = {83CF7E50-C2D4-444B-8A60-C78AE0D1A4E1}
	EndGlobalSection
EndGlobal
